
Microsoft Visual Studio Solution File, Format Version 12.00
# Visual Studio Express 15 for Windows Desktop
VisualStudioVersion = 15.0.27703.2042
MinimumVisualStudioVersion = 10.0.40219.1
Project("{8BC9CEB8-8B4A-11D0-8D11-00A0C91BC942}") = "daynhauhoc_function", "daynhauhoc_function\daynhauhoc_function.vcxproj", "{2380A345-9D14-4543-9341-46182B8EE64B}"
EndProject
Project("{8BC9CEB8-8B4A-11D0-8D11-00A0C91BC942}") = "FileLession", "FileLession\FileLession.vcxproj", "{B23E103A-98B6-4ECA-82F0-3ABBD97B7EBD}"
EndProject
Project("{8BC9CEB8-8B4A-11D0-8D11-00A0C91BC942}") = "sstreamLesson", "sstreamLesson\sstreamLesson.vcxproj", "{69F536D5-7592-4F06-B698-EEE346346991}"
EndProject
Project("{8BC9CEB8-8B4A-11D0-8D11-00A0C91BC942}") = "ReadingExample", "ReadingExample\ReadingExample.vcxproj", "{48396418-D652-4EA1-ADFF-DC928B46EC83}"
EndProject
Project("{8BC9CEB8-8B4A-11D0-8D11-00A0C91BC942}") = "LamdaFunction", "LamdaFunction\LamdaFunction.vcxproj", "{F407F219-9C56-4DE5-AE21-BA3D36E3DFAB}"
EndProject
Global
	GlobalSection(SolutionConfigurationPlatforms) = preSolution
		Debug|x64 = Debug|x64
		Debug|x86 = Debug|x86
		Release|x64 = Release|x64
		Release|x86 = Release|x86
	EndGlobalSection
	GlobalSection(ProjectConfigurationPlatforms) = postSolution
		{2380A345-9D14-4543-9341-46182B8EE64B}.Debug|x64.ActiveCfg = Debug|x64
		{2380A345-9D14-4543-9341-46182B8EE64B}.Debug|x64.Build.0 = Debug|x64
		{2380A345-9D14-4543-9341-46182B8EE64B}.Debug|x86.ActiveCfg = Debug|Win32
		{2380A345-9D14-4543-9341-46182B8EE64B}.Debug|x86.Build.0 = Debug|Win32
		{2380A345-9D14-4543-9341-46182B8EE64B}.Release|x64.ActiveCfg = Release|x64
		{2380A345-9D14-4543-9341-46182B8EE64B}.Release|x64.Build.0 = Release|x64
		{2380A345-9D14-4543-9341-46182B8EE64B}.Release|x86.ActiveCfg = Release|Win32
		{2380A345-9D14-4543-9341-46182B8EE64B}.Release|x86.Build.0 = Release|Win32
		{B23E103A-98B6-4ECA-82F0-3ABBD97B7EBD}.Debug|x64.ActiveCfg = Debug|x64
		{B23E103A-98B6-4ECA-82F0-3ABBD97B7EBD}.Debug|x64.Build.0 = Debug|x64
		{B23E103A-98B6-4ECA-82F0-3ABBD97B7EBD}.Debug|x86.ActiveCfg = Debug|Win32
		{B23E103A-98B6-4ECA-82F0-3ABBD97B7EBD}.Debug|x86.Build.0 = Debug|Win32
		{B23E103A-98B6-4ECA-82F0-3ABBD97B7EBD}.Release|x64.ActiveCfg = Release|x64
		{B23E103A-98B6-4ECA-82F0-3ABBD97B7EBD}.Release|x64.Build.0 = Release|x64
		{B23E103A-98B6-4ECA-82F0-3ABBD97B7EBD}.Release|x86.ActiveCfg = Release|Win32
		{B23E103A-98B6-4ECA-82F0-3ABBD97B7EBD}.Release|x86.Build.0 = Release|Win32
		{69F536D5-7592-4F06-B698-EEE346346991}.Debug|x64.ActiveCfg = Debug|x64
		{69F536D5-7592-4F06-B698-EEE346346991}.Debug|x64.Build.0 = Debug|x64
		{69F536D5-7592-4F06-B698-EEE346346991}.Debug|x86.ActiveCfg = Debug|Win32
		{69F536D5-7592-4F06-B698-EEE346346991}.Debug|x86.Build.0 = Debug|Win32
		{69F536D5-7592-4F06-B698-EEE346346991}.Release|x64.ActiveCfg = Release|x64
		{69F536D5-7592-4F06-B698-EEE346346991}.Release|x64.Build.0 = Release|x64
		{69F536D5-7592-4F06-B698-EEE346346991}.Release|x86.ActiveCfg = Release|Win32
		{69F536D5-7592-4F06-B698-EEE346346991}.Release|x86.Build.0 = Release|Win32
		{48396418-D652-4EA1-ADFF-DC928B46EC83}.Debug|x64.ActiveCfg = Debug|x64
		{48396418-D652-4EA1-ADFF-DC928B46EC83}.Debug|x64.Build.0 = Debug|x64
		{48396418-D652-4EA1-ADFF-DC928B46EC83}.Debug|x86.ActiveCfg = Debug|Win32
		{48396418-D652-4EA1-ADFF-DC928B46EC83}.Debug|x86.Build.0 = Debug|Win32
		{48396418-D652-4EA1-ADFF-DC928B46EC83}.Release|x64.ActiveCfg = Release|x64
		{48396418-D652-4EA1-ADFF-DC928B46EC83}.Release|x64.Build.0 = Release|x64
		{48396418-D652-4EA1-ADFF-DC928B46EC83}.Release|x86.ActiveCfg = Release|Win32
		{48396418-D652-4EA1-ADFF-DC928B46EC83}.Release|x86.Build.0 = Release|Win32
		{F407F219-9C56-4DE5-AE21-BA3D36E3DFAB}.Debug|x64.ActiveCfg = Debug|x64
		{F407F219-9C56-4DE5-AE21-BA3D36E3DFAB}.Debug|x64.Build.0 = Debug|x64
		{F407F219-9C56-4DE5-AE21-BA3D36E3DFAB}.Debug|x86.ActiveCfg = Debug|Win32
		{F407F219-9C56-4DE5-AE21-BA3D36E3DFAB}.Debug|x86.Build.0 = Debug|Win32
		{F407F219-9C56-4DE5-AE21-BA3D36E3DFAB}.Release|x64.ActiveCfg = Release|x64
		{F407F219-9C56-4DE5-AE21-BA3D36E3DFAB}.Release|x64.Build.0 = Release|x64
		{F407F219-9C56-4DE5-AE21-BA3D36E3DFAB}.Release|x86.ActiveCfg = Release|Win32
		{F407F219-9C56-4DE5-AE21-BA3D36E3DFAB}.Release|x86.Build.0 = Release|Win32
	EndGlobalSection
	GlobalSection(SolutionProperties) = preSolution
		HideSolutionNode = FALSE
	EndGlobalSection
	GlobalSection(ExtensibilityGlobals) = postSolution
		SolutionGuid = {AC24728F-358E-4EC0-B98A-E47F39BB6269}
	EndGlobalSection
EndGlobal
